{
  "name": "diegomayolo.github.io",
  "lockfileVersion": 2,
  "requires": true,
  "packages": {
    "": {
      "dependencies": {
        "@emailjs/browser": "^3.6.2",
        "bulma": "^0.9.3"
      }
    },
    "node_modules/@emailjs/browser": {
      "version": "3.6.2",
      "resolved": "https://registry.npmjs.org/@emailjs/browser/-/browser-3.6.2.tgz",
      "integrity": "sha512-Swc8w+vwDX4XPy6tPegOFGSwHqNiEmEsIKbtAkqHo2WqnS0ORZUnnuZats2R3XqwfxNQD0F6RwnlVWHIMf6sCQ==",
      "engines": {
        "node": ">=14.0.0"
      }
    },
    "node_modules/bulma": {
      "version": "0.9.3",
      "resolved": "https://registry.npmjs.org/bulma/-/bulma-0.9.3.tgz",
      "integrity": "sha512-0d7GNW1PY4ud8TWxdNcP6Cc8Bu7MxcntD/RRLGWuiw/s0a9P+XlH/6QoOIrmbj6o8WWJzJYhytiu9nFjTszk1g=="
    }
  },
  "dependencies": {
    "@emailjs/browser": {
      "version": "3.6.2",
      "resolved": "https://registry.npmjs.org/@emailjs/browser/-/browser-3.6.2.tgz",
      "integrity": "sha512-Swc8w+vwDX4XPy6tPegOFGSwHqNiEmEsIKbtAkqHo2WqnS0ORZUnnuZats2R3XqwfxNQD0F6RwnlVWHIMf6sCQ=="
    },
    "bulma": {
      "version": "0.9.3",
      "resolved": "https://registry.npmjs.org/bulma/-/bulma-0.9.3.tgz",
      "integrity": "sha512-0d7GNW1PY4ud8TWxdNcP6Cc8Bu7MxcntD/RRLGWuiw/s0a9P+XlH/6QoOIrmbj6o8WWJzJYhytiu9nFjTszk1g=="
    }
  }
}
